
Microsoft Visual Studio Solution File, Format Version 12.00
# Visual Studio Version 17
VisualStudioVersion = 17.4.33122.133
MinimumVisualStudioVersion = 10.0.40219.1
Project("{9A19103F-16F7-4668-BE54-9A1E7A4F7556}") = "HitoBit.Net", "HitoBit.Net\HitoBit.Net.csproj", "{7B8062AE-A68B-4D19-B596-A18BAD531E74}"
EndProject
Project("{9A19103F-16F7-4668-BE54-9A1E7A4F7556}") = "HitoBit.Net.UnitTests", "HitoBit.Net.UnitTests\HitoBit.Net.UnitTests.csproj", "{BF727FC6-E51B-4FF6-8CF1-F891CE33F41D}"
EndProject
Global
	GlobalSection(SolutionConfigurationPlatforms) = preSolution
		Debug|Any CPU = Debug|Any CPU
		Release|Any CPU = Release|Any CPU
	EndGlobalSection
	GlobalSection(ProjectConfigurationPlatforms) = postSolution
		{7B8062AE-A68B-4D19-B596-A18BAD531E74}.Debug|Any CPU.ActiveCfg = Debug|Any CPU
		{7B8062AE-A68B-4D19-B596-A18BAD531E74}.Debug|Any CPU.Build.0 = Debug|Any CPU
		{7B8062AE-A68B-4D19-B596-A18BAD531E74}.Release|Any CPU.ActiveCfg = Release|Any CPU
		{7B8062AE-A68B-4D19-B596-A18BAD531E74}.Release|Any CPU.Build.0 = Release|Any CPU
		{BF727FC6-E51B-4FF6-8CF1-F891CE33F41D}.Debug|Any CPU.ActiveCfg = Debug|Any CPU
		{BF727FC6-E51B-4FF6-8CF1-F891CE33F41D}.Debug|Any CPU.Build.0 = Debug|Any CPU
		{BF727FC6-E51B-4FF6-8CF1-F891CE33F41D}.Release|Any CPU.ActiveCfg = Release|Any CPU
		{BF727FC6-E51B-4FF6-8CF1-F891CE33F41D}.Release|Any CPU.Build.0 = Release|Any CPU
	EndGlobalSection
	GlobalSection(SolutionProperties) = preSolution
		HideSolutionNode = FALSE
	EndGlobalSection
	GlobalSection(ExtensibilityGlobals) = postSolution
		SolutionGuid = {C6772B97-910A-4F07-B33E-D5C6097ED1FC}
	EndGlobalSection
EndGlobal
